// !$*UTF8*$!
{
	archiveVersion = 1;
	classes = {
	};
	objectVersion = 56;
	objects = {

/* Begin PBXBuildFile section */
		BA18380C2A02D8EB00968CAB /* TabBar.swift in Sources */ = {isa = PBXBuildFile; fileRef = BA18380B2A02D8EB00968CAB /* TabBar.swift */; };
		BA1AD35129CDF1E200DCFB4B /* AppDelegate.swift in Sources */ = {isa = PBXBuildFile; fileRef = BA1AD35029CDF1E200DCFB4B /* AppDelegate.swift */; };
		BA1AD35329CDF1E200DCFB4B /* SceneDelegate.swift in Sources */ = {isa = PBXBuildFile; fileRef = BA1AD35229CDF1E200DCFB4B /* SceneDelegate.swift */; };
		BA1AD35529CDF1E200DCFB4B /* TrackersViewController.swift in Sources */ = {isa = PBXBuildFile; fileRef = BA1AD35429CDF1E200DCFB4B /* TrackersViewController.swift */; };
		BA1AD35B29CDF1E200DCFB4B /* Model.xcdatamodeld in Sources */ = {isa = PBXBuildFile; fileRef = BA1AD35929CDF1E200DCFB4B /* Model.xcdatamodeld */; };
		BA1AD35D29CDF1E500DCFB4B /* Assets.xcassets in Resources */ = {isa = PBXBuildFile; fileRef = BA1AD35C29CDF1E500DCFB4B /* Assets.xcassets */; };
		BA1AD36029CDF1E500DCFB4B /* LaunchScreen.storyboard in Resources */ = {isa = PBXBuildFile; fileRef = BA1AD35E29CDF1E500DCFB4B /* LaunchScreen.storyboard */; };
		BA1AD36B29CDF1E700DCFB4B /* TrackerTests.swift in Sources */ = {isa = PBXBuildFile; fileRef = BA1AD36A29CDF1E700DCFB4B /* TrackerTests.swift */; };
		BA1AD37529CDF1E700DCFB4B /* TrackerUITests.swift in Sources */ = {isa = PBXBuildFile; fileRef = BA1AD37429CDF1E700DCFB4B /* TrackerUITests.swift */; };
		BA1AD37729CDF1E700DCFB4B /* TrackerUITestsLaunchTests.swift in Sources */ = {isa = PBXBuildFile; fileRef = BA1AD37629CDF1E700DCFB4B /* TrackerUITestsLaunchTests.swift */; };
		BA1F3AA029E33CCB00AAA9C6 /* UICollectionView+Extension.swift in Sources */ = {isa = PBXBuildFile; fileRef = BA1F3A9F29E33CCB00AAA9C6 /* UICollectionView+Extension.swift */; };
		BA3B5CD029D75B52000C53FC /* TrackerConstructorViewController.swift in Sources */ = {isa = PBXBuildFile; fileRef = BA3B5CCF29D75B52000C53FC /* TrackerConstructorViewController.swift */; };
		BA3B5CD229D75BBD000C53FC /* UILabel+Extension.swift in Sources */ = {isa = PBXBuildFile; fileRef = BA3B5CD129D75BBD000C53FC /* UILabel+Extension.swift */; };
		BA3B5CD629D77009000C53FC /* TrackerConstructorTextField.swift in Sources */ = {isa = PBXBuildFile; fileRef = BA3B5CD529D77009000C53FC /* TrackerConstructorTextField.swift */; };
		BA418D5929DA0D1300080EB0 /* Tracker.swift in Sources */ = {isa = PBXBuildFile; fileRef = BA418D5829DA0D1300080EB0 /* Tracker.swift */; };
		BA418D5B29DA0D2000080EB0 /* TrackerCategory.swift in Sources */ = {isa = PBXBuildFile; fileRef = BA418D5A29DA0D2000080EB0 /* TrackerCategory.swift */; };
		BA418D5D29DA0D2F00080EB0 /* TrackerRecord.swift in Sources */ = {isa = PBXBuildFile; fileRef = BA418D5C29DA0D2F00080EB0 /* TrackerRecord.swift */; };
		BA418D5F29DA0E1200080EB0 /* TrackerConstructorCollectionEmojiCell.swift in Sources */ = {isa = PBXBuildFile; fileRef = BA418D5E29DA0E1200080EB0 /* TrackerConstructorCollectionEmojiCell.swift */; };
		BA418D6129DA243900080EB0 /* CollectionViewSupplementaryView.swift in Sources */ = {isa = PBXBuildFile; fileRef = BA418D6029DA243900080EB0 /* CollectionViewSupplementaryView.swift */; };
		BA418D6329DB4A0400080EB0 /* TrackerConstructorCollectionColorCell.swift in Sources */ = {isa = PBXBuildFile; fileRef = BA418D6229DB4A0400080EB0 /* TrackerConstructorCollectionColorCell.swift */; };
		BA418D6529DB5E5700080EB0 /* ScheduleViewController.swift in Sources */ = {isa = PBXBuildFile; fileRef = BA418D6429DB5E5700080EB0 /* ScheduleViewController.swift */; };
		BA418D6829DB5F1D00080EB0 /* CollectionParameters.swift in Sources */ = {isa = PBXBuildFile; fileRef = BA418D6729DB5F1D00080EB0 /* CollectionParameters.swift */; };
		BA418D6A29DB6BF800080EB0 /* DayOfWeek.swift in Sources */ = {isa = PBXBuildFile; fileRef = BA418D6929DB6BF800080EB0 /* DayOfWeek.swift */; };
		BA44D7B029E013B60084E8D8 /* TrackersCollectinCell.swift in Sources */ = {isa = PBXBuildFile; fileRef = BA44D7AF29E013B60084E8D8 /* TrackersCollectinCell.swift */; };
		BA69EE6A29DDD28D00E65C92 /* TrackerConstructorCategoryAndSchedulerTableCell.swift in Sources */ = {isa = PBXBuildFile; fileRef = BA69EE6929DDD28D00E65C92 /* TrackerConstructorCategoryAndSchedulerTableCell.swift */; };
		BA69EE6C29DDD98C00E65C92 /* TableViewActions.swift in Sources */ = {isa = PBXBuildFile; fileRef = BA69EE6B29DDD98C00E65C92 /* TableViewActions.swift */; };
		BA69EE6F29DE23BA00E65C92 /* TrackerCategorySelectorViewController.swift in Sources */ = {isa = PBXBuildFile; fileRef = BA69EE6E29DE23BA00E65C92 /* TrackerCategorySelectorViewController.swift */; };
		BA8289E529D5DFEB00879101 /* UIColor+Extension.swift in Sources */ = {isa = PBXBuildFile; fileRef = BA8289E429D5DFEB00879101 /* UIColor+Extension.swift */; };
		BA8289E729D5E29900879101 /* InterfaceColors.swift in Sources */ = {isa = PBXBuildFile; fileRef = BA8289E629D5E29900879101 /* InterfaceColors.swift */; };
		BA8289E929D5FBB600879101 /* ColorSelection.swift in Sources */ = {isa = PBXBuildFile; fileRef = BA8289E829D5FBB600879101 /* ColorSelection.swift */; };
		BA8289EC29D62E6B00879101 /* StatisticViewController.swift in Sources */ = {isa = PBXBuildFile; fileRef = BA8289EB29D62E6B00879101 /* StatisticViewController.swift */; };
		BA8289F229D740DA00879101 /* CreateTrackerViewController.swift in Sources */ = {isa = PBXBuildFile; fileRef = BA8289F129D740DA00879101 /* CreateTrackerViewController.swift */; };
		BABB692C29E4A42F005DBCBA /* UIStack+Extension.swift in Sources */ = {isa = PBXBuildFile; fileRef = BABB692B29E4A42F005DBCBA /* UIStack+Extension.swift */; };
		BAC0FFF42A16B220000E83E0 /* Collection+Extension.swift in Sources */ = {isa = PBXBuildFile; fileRef = BAC0FFF32A16B220000E83E0 /* Collection+Extension.swift */; };
		BAC3C2F929E0673D00B3159A /* Date+Extension.swift in Sources */ = {isa = PBXBuildFile; fileRef = BAC3C2F829E0673D00B3159A /* Date+Extension.swift */; };
		BAE4C1C82A041F4000103299 /* TrackerStore.swift in Sources */ = {isa = PBXBuildFile; fileRef = BAE4C1C72A041F4000103299 /* TrackerStore.swift */; };
		BAE4C1CA2A041F4E00103299 /* TrackerCategoryStore.swift in Sources */ = {isa = PBXBuildFile; fileRef = BAE4C1C92A041F4E00103299 /* TrackerCategoryStore.swift */; };
		BAE4C1CD2A041F6300103299 /* TrackerRecordStore.swift in Sources */ = {isa = PBXBuildFile; fileRef = BAE4C1CC2A041F6300103299 /* TrackerRecordStore.swift */; };
		BAE4C1CF2A04255A00103299 /* UIColorMarshalling.swift in Sources */ = {isa = PBXBuildFile; fileRef = BAE4C1CE2A04255A00103299 /* UIColorMarshalling.swift */; };
/* End PBXBuildFile section */

/* Begin PBXContainerItemProxy section */
		BA1AD36729CDF1E700DCFB4B /* PBXContainerItemProxy */ = {
			isa = PBXContainerItemProxy;
			containerPortal = BA1AD34529CDF1E200DCFB4B /* Project object */;
			proxyType = 1;
			remoteGlobalIDString = BA1AD34C29CDF1E200DCFB4B;
			remoteInfo = Tracker;
		};
		BA1AD37129CDF1E700DCFB4B /* PBXContainerItemProxy */ = {
			isa = PBXContainerItemProxy;
			containerPortal = BA1AD34529CDF1E200DCFB4B /* Project object */;
			proxyType = 1;
			remoteGlobalIDString = BA1AD34C29CDF1E200DCFB4B;
			remoteInfo = Tracker;
		};
/* End PBXContainerItemProxy section */

/* Begin PBXFileReference section */
		BA18380B2A02D8EB00968CAB /* TabBar.swift */ = {isa = PBXFileReference; lastKnownFileType = sourcecode.swift; path = TabBar.swift; sourceTree = "<group>"; };
		BA1AD34D29CDF1E200DCFB4B /* Tracker.app */ = {isa = PBXFileReference; explicitFileType = wrapper.application; includeInIndex = 0; path = Tracker.app; sourceTree = BUILT_PRODUCTS_DIR; };
		BA1AD35029CDF1E200DCFB4B /* AppDelegate.swift */ = {isa = PBXFileReference; lastKnownFileType = sourcecode.swift; path = AppDelegate.swift; sourceTree = "<group>"; };
		BA1AD35229CDF1E200DCFB4B /* SceneDelegate.swift */ = {isa = PBXFileReference; lastKnownFileType = sourcecode.swift; path = SceneDelegate.swift; sourceTree = "<group>"; };
		BA1AD35429CDF1E200DCFB4B /* TrackersViewController.swift */ = {isa = PBXFileReference; lastKnownFileType = sourcecode.swift; path = TrackersViewController.swift; sourceTree = "<group>"; };
		BA1AD35A29CDF1E200DCFB4B /* Tracker.xcdatamodel */ = {isa = PBXFileReference; lastKnownFileType = wrapper.xcdatamodel; path = Tracker.xcdatamodel; sourceTree = "<group>"; };
		BA1AD35C29CDF1E500DCFB4B /* Assets.xcassets */ = {isa = PBXFileReference; lastKnownFileType = folder.assetcatalog; path = Assets.xcassets; sourceTree = "<group>"; };
		BA1AD35F29CDF1E500DCFB4B /* Base */ = {isa = PBXFileReference; lastKnownFileType = file.storyboard; name = Base; path = Base.lproj/LaunchScreen.storyboard; sourceTree = "<group>"; };
		BA1AD36129CDF1E500DCFB4B /* Info.plist */ = {isa = PBXFileReference; lastKnownFileType = text.plist.xml; path = Info.plist; sourceTree = "<group>"; };
		BA1AD36629CDF1E700DCFB4B /* TrackerTests.xctest */ = {isa = PBXFileReference; explicitFileType = wrapper.cfbundle; includeInIndex = 0; path = TrackerTests.xctest; sourceTree = BUILT_PRODUCTS_DIR; };
		BA1AD36A29CDF1E700DCFB4B /* TrackerTests.swift */ = {isa = PBXFileReference; lastKnownFileType = sourcecode.swift; path = TrackerTests.swift; sourceTree = "<group>"; };
		BA1AD37029CDF1E700DCFB4B /* TrackerUITests.xctest */ = {isa = PBXFileReference; explicitFileType = wrapper.cfbundle; includeInIndex = 0; path = TrackerUITests.xctest; sourceTree = BUILT_PRODUCTS_DIR; };
		BA1AD37429CDF1E700DCFB4B /* TrackerUITests.swift */ = {isa = PBXFileReference; lastKnownFileType = sourcecode.swift; path = TrackerUITests.swift; sourceTree = "<group>"; };
		BA1AD37629CDF1E700DCFB4B /* TrackerUITestsLaunchTests.swift */ = {isa = PBXFileReference; lastKnownFileType = sourcecode.swift; path = TrackerUITestsLaunchTests.swift; sourceTree = "<group>"; };
		BA1F3A9F29E33CCB00AAA9C6 /* UICollectionView+Extension.swift */ = {isa = PBXFileReference; lastKnownFileType = sourcecode.swift; path = "UICollectionView+Extension.swift"; sourceTree = "<group>"; };
		BA3B5CCF29D75B52000C53FC /* TrackerConstructorViewController.swift */ = {isa = PBXFileReference; lastKnownFileType = sourcecode.swift; path = TrackerConstructorViewController.swift; sourceTree = "<group>"; };
		BA3B5CD129D75BBD000C53FC /* UILabel+Extension.swift */ = {isa = PBXFileReference; lastKnownFileType = sourcecode.swift; path = "UILabel+Extension.swift"; sourceTree = "<group>"; };
		BA3B5CD529D77009000C53FC /* TrackerConstructorTextField.swift */ = {isa = PBXFileReference; lastKnownFileType = sourcecode.swift; path = TrackerConstructorTextField.swift; sourceTree = "<group>"; };
		BA418D5829DA0D1300080EB0 /* Tracker.swift */ = {isa = PBXFileReference; lastKnownFileType = sourcecode.swift; path = Tracker.swift; sourceTree = "<group>"; };
		BA418D5A29DA0D2000080EB0 /* TrackerCategory.swift */ = {isa = PBXFileReference; lastKnownFileType = sourcecode.swift; path = TrackerCategory.swift; sourceTree = "<group>"; };
		BA418D5C29DA0D2F00080EB0 /* TrackerRecord.swift */ = {isa = PBXFileReference; lastKnownFileType = sourcecode.swift; path = TrackerRecord.swift; sourceTree = "<group>"; };
		BA418D5E29DA0E1200080EB0 /* TrackerConstructorCollectionEmojiCell.swift */ = {isa = PBXFileReference; lastKnownFileType = sourcecode.swift; path = TrackerConstructorCollectionEmojiCell.swift; sourceTree = "<group>"; };
		BA418D6029DA243900080EB0 /* CollectionViewSupplementaryView.swift */ = {isa = PBXFileReference; lastKnownFileType = sourcecode.swift; path = CollectionViewSupplementaryView.swift; sourceTree = "<group>"; };
		BA418D6229DB4A0400080EB0 /* TrackerConstructorCollectionColorCell.swift */ = {isa = PBXFileReference; lastKnownFileType = sourcecode.swift; path = TrackerConstructorCollectionColorCell.swift; sourceTree = "<group>"; };
		BA418D6429DB5E5700080EB0 /* ScheduleViewController.swift */ = {isa = PBXFileReference; lastKnownFileType = sourcecode.swift; path = ScheduleViewController.swift; sourceTree = "<group>"; };
		BA418D6729DB5F1D00080EB0 /* CollectionParameters.swift */ = {isa = PBXFileReference; lastKnownFileType = sourcecode.swift; path = CollectionParameters.swift; sourceTree = "<group>"; };
		BA418D6929DB6BF800080EB0 /* DayOfWeek.swift */ = {isa = PBXFileReference; lastKnownFileType = sourcecode.swift; path = DayOfWeek.swift; sourceTree = "<group>"; };
		BA44D7AF29E013B60084E8D8 /* TrackersCollectinCell.swift */ = {isa = PBXFileReference; lastKnownFileType = sourcecode.swift; path = TrackersCollectinCell.swift; sourceTree = "<group>"; };
		BA69EE6929DDD28D00E65C92 /* TrackerConstructorCategoryAndSchedulerTableCell.swift */ = {isa = PBXFileReference; lastKnownFileType = sourcecode.swift; path = TrackerConstructorCategoryAndSchedulerTableCell.swift; sourceTree = "<group>"; };
		BA69EE6B29DDD98C00E65C92 /* TableViewActions.swift */ = {isa = PBXFileReference; lastKnownFileType = sourcecode.swift; path = TableViewActions.swift; sourceTree = "<group>"; };
		BA69EE6E29DE23BA00E65C92 /* TrackerCategorySelectorViewController.swift */ = {isa = PBXFileReference; lastKnownFileType = sourcecode.swift; path = TrackerCategorySelectorViewController.swift; sourceTree = "<group>"; };
		BA8289E429D5DFEB00879101 /* UIColor+Extension.swift */ = {isa = PBXFileReference; lastKnownFileType = sourcecode.swift; path = "UIColor+Extension.swift"; sourceTree = "<group>"; };
		BA8289E629D5E29900879101 /* InterfaceColors.swift */ = {isa = PBXFileReference; lastKnownFileType = sourcecode.swift; path = InterfaceColors.swift; sourceTree = "<group>"; };
		BA8289E829D5FBB600879101 /* ColorSelection.swift */ = {isa = PBXFileReference; lastKnownFileType = sourcecode.swift; path = ColorSelection.swift; sourceTree = "<group>"; };
		BA8289EB29D62E6B00879101 /* StatisticViewController.swift */ = {isa = PBXFileReference; lastKnownFileType = sourcecode.swift; path = StatisticViewController.swift; sourceTree = "<group>"; };
		BA8289F129D740DA00879101 /* CreateTrackerViewController.swift */ = {isa = PBXFileReference; lastKnownFileType = sourcecode.swift; path = CreateTrackerViewController.swift; sourceTree = "<group>"; };
		BABB692B29E4A42F005DBCBA /* UIStack+Extension.swift */ = {isa = PBXFileReference; lastKnownFileType = sourcecode.swift; path = "UIStack+Extension.swift"; sourceTree = "<group>"; };
		BAC0FFF32A16B220000E83E0 /* Collection+Extension.swift */ = {isa = PBXFileReference; lastKnownFileType = sourcecode.swift; path = "Collection+Extension.swift"; sourceTree = "<group>"; };
		BAC3C2F829E0673D00B3159A /* Date+Extension.swift */ = {isa = PBXFileReference; lastKnownFileType = sourcecode.swift; path = "Date+Extension.swift"; sourceTree = "<group>"; };
		BAE4C1C72A041F4000103299 /* TrackerStore.swift */ = {isa = PBXFileReference; lastKnownFileType = sourcecode.swift; path = TrackerStore.swift; sourceTree = "<group>"; };
		BAE4C1C92A041F4E00103299 /* TrackerCategoryStore.swift */ = {isa = PBXFileReference; lastKnownFileType = sourcecode.swift; path = TrackerCategoryStore.swift; sourceTree = "<group>"; };
		BAE4C1CC2A041F6300103299 /* TrackerRecordStore.swift */ = {isa = PBXFileReference; lastKnownFileType = sourcecode.swift; path = TrackerRecordStore.swift; sourceTree = "<group>"; };
		BAE4C1CE2A04255A00103299 /* UIColorMarshalling.swift */ = {isa = PBXFileReference; lastKnownFileType = sourcecode.swift; path = UIColorMarshalling.swift; sourceTree = "<group>"; };
/* End PBXFileReference section */

/* Begin PBXFrameworksBuildPhase section */
		BA1AD34A29CDF1E200DCFB4B /* Frameworks */ = {
			isa = PBXFrameworksBuildPhase;
			buildActionMask = 2147483647;
			files = (
			);
			runOnlyForDeploymentPostprocessing = 0;
		};
		BA1AD36329CDF1E700DCFB4B /* Frameworks */ = {
			isa = PBXFrameworksBuildPhase;
			buildActionMask = 2147483647;
			files = (
			);
			runOnlyForDeploymentPostprocessing = 0;
		};
		BA1AD36D29CDF1E700DCFB4B /* Frameworks */ = {
			isa = PBXFrameworksBuildPhase;
			buildActionMask = 2147483647;
			files = (
			);
			runOnlyForDeploymentPostprocessing = 0;
		};
/* End PBXFrameworksBuildPhase section */

/* Begin PBXGroup section */
		BA1838092A02D7DD00968CAB /* Domain */ = {
			isa = PBXGroup;
			children = (
				BA18380A2A02D80C00968CAB /* Store */,
				BA418D5729DA0CD600080EB0 /* Models */,
			);
			path = Domain;
			sourceTree = "<group>";
		};
		BA18380A2A02D80C00968CAB /* Store */ = {
			isa = PBXGroup;
			children = (
				BAE4C1C72A041F4000103299 /* TrackerStore.swift */,
				BAE4C1C92A041F4E00103299 /* TrackerCategoryStore.swift */,
				BAE4C1CC2A041F6300103299 /* TrackerRecordStore.swift */,
			);
			path = Store;
			sourceTree = "<group>";
		};
		BA18380D2A02D90A00968CAB /* TabBar */ = {
			isa = PBXGroup;
			children = (
				BA18380B2A02D8EB00968CAB /* TabBar.swift */,
			);
			path = TabBar;
			sourceTree = "<group>";
		};
		BA1AD34429CDF1E200DCFB4B = {
			isa = PBXGroup;
			children = (
				BA1AD34F29CDF1E200DCFB4B /* Tracker */,
				BA1AD36929CDF1E700DCFB4B /* TrackerTests */,
				BA1AD37329CDF1E700DCFB4B /* TrackerUITests */,
				BA1AD34E29CDF1E200DCFB4B /* Products */,
			);
			sourceTree = "<group>";
		};
		BA1AD34E29CDF1E200DCFB4B /* Products */ = {
			isa = PBXGroup;
			children = (
				BA1AD34D29CDF1E200DCFB4B /* Tracker.app */,
				BA1AD36629CDF1E700DCFB4B /* TrackerTests.xctest */,
				BA1AD37029CDF1E700DCFB4B /* TrackerUITests.xctest */,
			);
			name = Products;
			sourceTree = "<group>";
		};
		BA1AD34F29CDF1E200DCFB4B /* Tracker */ = {
			isa = PBXGroup;
			children = (
				BA1838092A02D7DD00968CAB /* Domain */,
				BA1AD38429CE248400DCFB4B /* UI */,
				BA8289E329D5DFAD00879101 /* Helpers */,
				BA1F3AA129E3497300AAA9C6 /* Extensions */,
				BA1AD38329CE100F00DCFB4B /* Resources */,
				BA1AD35229CDF1E200DCFB4B /* SceneDelegate.swift */,
				BA1AD35029CDF1E200DCFB4B /* AppDelegate.swift */,
			);
			path = Tracker;
			sourceTree = "<group>";
		};
		BA1AD36929CDF1E700DCFB4B /* TrackerTests */ = {
			isa = PBXGroup;
			children = (
				BA1AD36A29CDF1E700DCFB4B /* TrackerTests.swift */,
			);
			path = TrackerTests;
			sourceTree = "<group>";
		};
		BA1AD37329CDF1E700DCFB4B /* TrackerUITests */ = {
			isa = PBXGroup;
			children = (
				BA1AD37429CDF1E700DCFB4B /* TrackerUITests.swift */,
				BA1AD37629CDF1E700DCFB4B /* TrackerUITestsLaunchTests.swift */,
			);
			path = TrackerUITests;
			sourceTree = "<group>";
		};
		BA1AD38329CE100F00DCFB4B /* Resources */ = {
			isa = PBXGroup;
			children = (
				BA1AD35E29CDF1E500DCFB4B /* LaunchScreen.storyboard */,
				BA1AD36129CDF1E500DCFB4B /* Info.plist */,
				BA1AD35C29CDF1E500DCFB4B /* Assets.xcassets */,
			);
			path = Resources;
			sourceTree = "<group>";
		};
		BA1AD38429CE248400DCFB4B /* UI */ = {
			isa = PBXGroup;
			children = (
				BA18380D2A02D90A00968CAB /* TabBar */,
				BA1AD38529CE25FA00DCFB4B /* Trackers */,
				BA3B5CCE29D75AE1000C53FC /* TrackerConstructor */,
				BA69EE6D29DE238100E65C92 /* TrackerCategorySelector */,
				BA418D6629DB5E5E00080EB0 /* ScheduleConstructor */,
				BA8289F029D740B500879101 /* CreateTracker */,
				BA8289EA29D62E3E00879101 /* StatisticView */,
			);
			path = UI;
			sourceTree = "<group>";
		};
		BA1AD38529CE25FA00DCFB4B /* Trackers */ = {
			isa = PBXGroup;
			children = (
				BA1AD35429CDF1E200DCFB4B /* TrackersViewController.swift */,
				BA44D7AF29E013B60084E8D8 /* TrackersCollectinCell.swift */,
			);
			path = Trackers;
			sourceTree = "<group>";
		};
		BA1F3AA129E3497300AAA9C6 /* Extensions */ = {
			isa = PBXGroup;
			children = (
				BA8289E429D5DFEB00879101 /* UIColor+Extension.swift */,
				BA3B5CD129D75BBD000C53FC /* UILabel+Extension.swift */,
				BA1F3A9F29E33CCB00AAA9C6 /* UICollectionView+Extension.swift */,
				BAC3C2F829E0673D00B3159A /* Date+Extension.swift */,
				BABB692B29E4A42F005DBCBA /* UIStack+Extension.swift */,
				BAC0FFF32A16B220000E83E0 /* Collection+Extension.swift */,
			);
			path = Extensions;
			sourceTree = "<group>";
		};
		BA3B5CCE29D75AE1000C53FC /* TrackerConstructor */ = {
			isa = PBXGroup;
			children = (
				BA3B5CCF29D75B52000C53FC /* TrackerConstructorViewController.swift */,
				BA418D6229DB4A0400080EB0 /* TrackerConstructorCollectionColorCell.swift */,
				BA3B5CD529D77009000C53FC /* TrackerConstructorTextField.swift */,
				BA418D5E29DA0E1200080EB0 /* TrackerConstructorCollectionEmojiCell.swift */,
				BA69EE6929DDD28D00E65C92 /* TrackerConstructorCategoryAndSchedulerTableCell.swift */,
				BA69EE6B29DDD98C00E65C92 /* TableViewActions.swift */,
			);
			path = TrackerConstructor;
			sourceTree = "<group>";
		};
		BA418D5729DA0CD600080EB0 /* Models */ = {
			isa = PBXGroup;
			children = (
				BA1AD35929CDF1E200DCFB4B /* Model.xcdatamodeld */,
				BA418D5829DA0D1300080EB0 /* Tracker.swift */,
				BA418D5A29DA0D2000080EB0 /* TrackerCategory.swift */,
				BA418D5C29DA0D2F00080EB0 /* TrackerRecord.swift */,
			);
			path = Models;
			sourceTree = "<group>";
		};
		BA418D6629DB5E5E00080EB0 /* ScheduleConstructor */ = {
			isa = PBXGroup;
			children = (
				BA418D6429DB5E5700080EB0 /* ScheduleViewController.swift */,
			);
			path = ScheduleConstructor;
			sourceTree = "<group>";
		};
		BA69EE6D29DE238100E65C92 /* TrackerCategorySelector */ = {
			isa = PBXGroup;
			children = (
				BA69EE6E29DE23BA00E65C92 /* TrackerCategorySelectorViewController.swift */,
			);
			path = TrackerCategorySelector;
			sourceTree = "<group>";
		};
		BA8289E329D5DFAD00879101 /* Helpers */ = {
			isa = PBXGroup;
			children = (
				BA418D6029DA243900080EB0 /* CollectionViewSupplementaryView.swift */,
				BA8289E629D5E29900879101 /* InterfaceColors.swift */,
				BA8289E829D5FBB600879101 /* ColorSelection.swift */,
				BA418D6729DB5F1D00080EB0 /* CollectionParameters.swift */,
				BA418D6929DB6BF800080EB0 /* DayOfWeek.swift */,
				BAE4C1CE2A04255A00103299 /* UIColorMarshalling.swift */,
			);
			path = Helpers;
			sourceTree = "<group>";
		};
		BA8289EA29D62E3E00879101 /* StatisticView */ = {
			isa = PBXGroup;
			children = (
				BA8289EB29D62E6B00879101 /* StatisticViewController.swift */,
			);
			path = StatisticView;
			sourceTree = "<group>";
		};
		BA8289F029D740B500879101 /* CreateTracker */ = {
			isa = PBXGroup;
			children = (
				BA8289F129D740DA00879101 /* CreateTrackerViewController.swift */,
			);
			path = CreateTracker;
			sourceTree = "<group>";
		};
/* End PBXGroup section */

/* Begin PBXNativeTarget section */
		BA1AD34C29CDF1E200DCFB4B /* Tracker */ = {
			isa = PBXNativeTarget;
			buildConfigurationList = BA1AD37A29CDF1E700DCFB4B /* Build configuration list for PBXNativeTarget "Tracker" */;
			buildPhases = (
				BA1AD34929CDF1E200DCFB4B /* Sources */,
				BA1AD34A29CDF1E200DCFB4B /* Frameworks */,
				BA1AD34B29CDF1E200DCFB4B /* Resources */,
			);
			buildRules = (
			);
			dependencies = (
			);
			name = Tracker;
			productName = Tracker;
			productReference = BA1AD34D29CDF1E200DCFB4B /* Tracker.app */;
			productType = "com.apple.product-type.application";
		};
		BA1AD36529CDF1E700DCFB4B /* TrackerTests */ = {
			isa = PBXNativeTarget;
			buildConfigurationList = BA1AD37D29CDF1E700DCFB4B /* Build configuration list for PBXNativeTarget "TrackerTests" */;
			buildPhases = (
				BA1AD36229CDF1E700DCFB4B /* Sources */,
				BA1AD36329CDF1E700DCFB4B /* Frameworks */,
				BA1AD36429CDF1E700DCFB4B /* Resources */,
			);
			buildRules = (
			);
			dependencies = (
				BA1AD36829CDF1E700DCFB4B /* PBXTargetDependency */,
			);
			name = TrackerTests;
			productName = TrackerTests;
			productReference = BA1AD36629CDF1E700DCFB4B /* TrackerTests.xctest */;
			productType = "com.apple.product-type.bundle.unit-test";
		};
		BA1AD36F29CDF1E700DCFB4B /* TrackerUITests */ = {
			isa = PBXNativeTarget;
			buildConfigurationList = BA1AD38029CDF1E700DCFB4B /* Build configuration list for PBXNativeTarget "TrackerUITests" */;
			buildPhases = (
				BA1AD36C29CDF1E700DCFB4B /* Sources */,
				BA1AD36D29CDF1E700DCFB4B /* Frameworks */,
				BA1AD36E29CDF1E700DCFB4B /* Resources */,
			);
			buildRules = (
			);
			dependencies = (
				BA1AD37229CDF1E700DCFB4B /* PBXTargetDependency */,
			);
			name = TrackerUITests;
			productName = TrackerUITests;
			productReference = BA1AD37029CDF1E700DCFB4B /* TrackerUITests.xctest */;
			productType = "com.apple.product-type.bundle.ui-testing";
		};
/* End PBXNativeTarget section */

/* Begin PBXProject section */
		BA1AD34529CDF1E200DCFB4B /* Project object */ = {
			isa = PBXProject;
			attributes = {
				BuildIndependentTargetsInParallel = 1;
				LastSwiftUpdateCheck = 1420;
				LastUpgradeCheck = 1420;
				TargetAttributes = {
					BA1AD34C29CDF1E200DCFB4B = {
						CreatedOnToolsVersion = 14.2;
					};
					BA1AD36529CDF1E700DCFB4B = {
						CreatedOnToolsVersion = 14.2;
						TestTargetID = BA1AD34C29CDF1E200DCFB4B;
					};
					BA1AD36F29CDF1E700DCFB4B = {
						CreatedOnToolsVersion = 14.2;
						TestTargetID = BA1AD34C29CDF1E200DCFB4B;
					};
				};
			};
			buildConfigurationList = BA1AD34829CDF1E200DCFB4B /* Build configuration list for PBXProject "Tracker" */;
			compatibilityVersion = "Xcode 14.0";
			developmentRegion = en;
			hasScannedForEncodings = 0;
			knownRegions = (
				en,
				Base,
			);
			mainGroup = BA1AD34429CDF1E200DCFB4B;
			productRefGroup = BA1AD34E29CDF1E200DCFB4B /* Products */;
			projectDirPath = "";
			projectRoot = "";
			targets = (
				BA1AD34C29CDF1E200DCFB4B /* Tracker */,
				BA1AD36529CDF1E700DCFB4B /* TrackerTests */,
				BA1AD36F29CDF1E700DCFB4B /* TrackerUITests */,
			);
		};
/* End PBXProject section */

/* Begin PBXResourcesBuildPhase section */
		BA1AD34B29CDF1E200DCFB4B /* Resources */ = {
			isa = PBXResourcesBuildPhase;
			buildActionMask = 2147483647;
			files = (
				BA1AD36029CDF1E500DCFB4B /* LaunchScreen.storyboard in Resources */,
				BA1AD35D29CDF1E500DCFB4B /* Assets.xcassets in Resources */,
			);
			runOnlyForDeploymentPostprocessing = 0;
		};
		BA1AD36429CDF1E700DCFB4B /* Resources */ = {
			isa = PBXResourcesBuildPhase;
			buildActionMask = 2147483647;
			files = (
			);
			runOnlyForDeploymentPostprocessing = 0;
		};
		BA1AD36E29CDF1E700DCFB4B /* Resources */ = {
			isa = PBXResourcesBuildPhase;
			buildActionMask = 2147483647;
			files = (
			);
			runOnlyForDeploymentPostprocessing = 0;
		};
/* End PBXResourcesBuildPhase section */

/* Begin PBXSourcesBuildPhase section */
		BA1AD34929CDF1E200DCFB4B /* Sources */ = {
			isa = PBXSourcesBuildPhase;
			buildActionMask = 2147483647;
			files = (
				BA418D5F29DA0E1200080EB0 /* TrackerConstructorCollectionEmojiCell.swift in Sources */,
				BA1AD35B29CDF1E200DCFB4B /* Model.xcdatamodeld in Sources */,
				BA69EE6F29DE23BA00E65C92 /* TrackerCategorySelectorViewController.swift in Sources */,
				BA3B5CD629D77009000C53FC /* TrackerConstructorTextField.swift in Sources */,
				BAE4C1CD2A041F6300103299 /* TrackerRecordStore.swift in Sources */,
				BA8289E729D5E29900879101 /* InterfaceColors.swift in Sources */,
				BAE4C1C82A041F4000103299 /* TrackerStore.swift in Sources */,
				BA3B5CD029D75B52000C53FC /* TrackerConstructorViewController.swift in Sources */,
				BA8289E529D5DFEB00879101 /* UIColor+Extension.swift in Sources */,
				BA418D6129DA243900080EB0 /* CollectionViewSupplementaryView.swift in Sources */,
				BA1AD35529CDF1E200DCFB4B /* TrackersViewController.swift in Sources */,
				BA8289E929D5FBB600879101 /* ColorSelection.swift in Sources */,
				BABB692C29E4A42F005DBCBA /* UIStack+Extension.swift in Sources */,
				BA8289F229D740DA00879101 /* CreateTrackerViewController.swift in Sources */,
				BAE4C1CA2A041F4E00103299 /* TrackerCategoryStore.swift in Sources */,
				BA418D6A29DB6BF800080EB0 /* DayOfWeek.swift in Sources */,
				BA1AD35129CDF1E200DCFB4B /* AppDelegate.swift in Sources */,
				BA8289EC29D62E6B00879101 /* StatisticViewController.swift in Sources */,
				BA418D6529DB5E5700080EB0 /* ScheduleViewController.swift in Sources */,
				BAE4C1CF2A04255A00103299 /* UIColorMarshalling.swift in Sources */,
				BA69EE6A29DDD28D00E65C92 /* TrackerConstructorCategoryAndSchedulerTableCell.swift in Sources */,
				BA44D7B029E013B60084E8D8 /* TrackersCollectinCell.swift in Sources */,
				BA418D5B29DA0D2000080EB0 /* TrackerCategory.swift in Sources */,
				BA418D6329DB4A0400080EB0 /* TrackerConstructorCollectionColorCell.swift in Sources */,
				BAC0FFF42A16B220000E83E0 /* Collection+Extension.swift in Sources */,
				BA418D6829DB5F1D00080EB0 /* CollectionParameters.swift in Sources */,
				BA418D5D29DA0D2F00080EB0 /* TrackerRecord.swift in Sources */,
				BA69EE6C29DDD98C00E65C92 /* TableViewActions.swift in Sources */,
				BAC3C2F929E0673D00B3159A /* Date+Extension.swift in Sources */,
				BA418D5929DA0D1300080EB0 /* Tracker.swift in Sources */,
				BA3B5CD229D75BBD000C53FC /* UILabel+Extension.swift in Sources */,
				BA1F3AA029E33CCB00AAA9C6 /* UICollectionView+Extension.swift in Sources */,
				BA1AD35329CDF1E200DCFB4B /* SceneDelegate.swift in Sources */,
				BA18380C2A02D8EB00968CAB /* TabBar.swift in Sources */,
			);
			runOnlyForDeploymentPostprocessing = 0;
		};
		BA1AD36229CDF1E700DCFB4B /* Sources */ = {
			isa = PBXSourcesBuildPhase;
			buildActionMask = 2147483647;
			files = (
				BA1AD36B29CDF1E700DCFB4B /* TrackerTests.swift in Sources */,
			);
			runOnlyForDeploymentPostprocessing = 0;
		};
		BA1AD36C29CDF1E700DCFB4B /* Sources */ = {
			isa = PBXSourcesBuildPhase;
			buildActionMask = 2147483647;
			files = (
				BA1AD37529CDF1E700DCFB4B /* TrackerUITests.swift in Sources */,
				BA1AD37729CDF1E700DCFB4B /* TrackerUITestsLaunchTests.swift in Sources */,
			);
			runOnlyForDeploymentPostprocessing = 0;
		};
/* End PBXSourcesBuildPhase section */

/* Begin PBXTargetDependency section */
		BA1AD36829CDF1E700DCFB4B /* PBXTargetDependency */ = {
			isa = PBXTargetDependency;
			target = BA1AD34C29CDF1E200DCFB4B /* Tracker */;
			targetProxy = BA1AD36729CDF1E700DCFB4B /* PBXContainerItemProxy */;
		};
		BA1AD37229CDF1E700DCFB4B /* PBXTargetDependency */ = {
			isa = PBXTargetDependency;
			target = BA1AD34C29CDF1E200DCFB4B /* Tracker */;
			targetProxy = BA1AD37129CDF1E700DCFB4B /* PBXContainerItemProxy */;
		};
/* End PBXTargetDependency section */

/* Begin PBXVariantGroup section */
		BA1AD35E29CDF1E500DCFB4B /* LaunchScreen.storyboard */ = {
			isa = PBXVariantGroup;
			children = (
				BA1AD35F29CDF1E500DCFB4B /* Base */,
			);
			name = LaunchScreen.storyboard;
			sourceTree = "<group>";
		};
/* End PBXVariantGroup section */

/* Begin XCBuildConfiguration section */
		BA1AD37829CDF1E700DCFB4B /* Debug */ = {
			isa = XCBuildConfiguration;
			buildSettings = {
				ALWAYS_SEARCH_USER_PATHS = NO;
				CLANG_ANALYZER_NONNULL = YES;
				CLANG_ANALYZER_NUMBER_OBJECT_CONVERSION = YES_AGGRESSIVE;
				CLANG_CXX_LANGUAGE_STANDARD = "gnu++20";
				CLANG_ENABLE_MODULES = YES;
				CLANG_ENABLE_OBJC_ARC = YES;
				CLANG_ENABLE_OBJC_WEAK = YES;
				CLANG_WARN_BLOCK_CAPTURE_AUTORELEASING = YES;
				CLANG_WARN_BOOL_CONVERSION = YES;
				CLANG_WARN_COMMA = YES;
				CLANG_WARN_CONSTANT_CONVERSION = YES;
				CLANG_WARN_DEPRECATED_OBJC_IMPLEMENTATIONS = YES;
				CLANG_WARN_DIRECT_OBJC_ISA_USAGE = YES_ERROR;
				CLANG_WARN_DOCUMENTATION_COMMENTS = YES;
				CLANG_WARN_EMPTY_BODY = YES;
				CLANG_WARN_ENUM_CONVERSION = YES;
				CLANG_WARN_INFINITE_RECURSION = YES;
				CLANG_WARN_INT_CONVERSION = YES;
				CLANG_WARN_NON_LITERAL_NULL_CONVERSION = YES;
				CLANG_WARN_OBJC_IMPLICIT_RETAIN_SELF = YES;
				CLANG_WARN_OBJC_LITERAL_CONVERSION = YES;
				CLANG_WARN_OBJC_ROOT_CLASS = YES_ERROR;
				CLANG_WARN_QUOTED_INCLUDE_IN_FRAMEWORK_HEADER = YES;
				CLANG_WARN_RANGE_LOOP_ANALYSIS = YES;
				CLANG_WARN_STRICT_PROTOTYPES = YES;
				CLANG_WARN_SUSPICIOUS_MOVE = YES;
				CLANG_WARN_UNGUARDED_AVAILABILITY = YES_AGGRESSIVE;
				CLANG_WARN_UNREACHABLE_CODE = YES;
				CLANG_WARN__DUPLICATE_METHOD_MATCH = YES;
				COPY_PHASE_STRIP = NO;
				DEBUG_INFORMATION_FORMAT = dwarf;
				ENABLE_STRICT_OBJC_MSGSEND = YES;
				ENABLE_TESTABILITY = YES;
				GCC_C_LANGUAGE_STANDARD = gnu11;
				GCC_DYNAMIC_NO_PIC = NO;
				GCC_NO_COMMON_BLOCKS = YES;
				GCC_OPTIMIZATION_LEVEL = 0;
				GCC_PREPROCESSOR_DEFINITIONS = (
					"DEBUG=1",
					"$(inherited)",
				);
				GCC_WARN_64_TO_32_BIT_CONVERSION = YES;
				GCC_WARN_ABOUT_RETURN_TYPE = YES_ERROR;
				GCC_WARN_UNDECLARED_SELECTOR = YES;
				GCC_WARN_UNINITIALIZED_AUTOS = YES_AGGRESSIVE;
				GCC_WARN_UNUSED_FUNCTION = YES;
				GCC_WARN_UNUSED_VARIABLE = YES;
				IPHONEOS_DEPLOYMENT_TARGET = 13.4;
				MTL_ENABLE_DEBUG_INFO = INCLUDE_SOURCE;
				MTL_FAST_MATH = YES;
				ONLY_ACTIVE_ARCH = YES;
				SDKROOT = iphoneos;
				SWIFT_ACTIVE_COMPILATION_CONDITIONS = DEBUG;
				SWIFT_OPTIMIZATION_LEVEL = "-Onone";
			};
			name = Debug;
		};
		BA1AD37929CDF1E700DCFB4B /* Release */ = {
			isa = XCBuildConfiguration;
			buildSettings = {
				ALWAYS_SEARCH_USER_PATHS = NO;
				CLANG_ANALYZER_NONNULL = YES;
				CLANG_ANALYZER_NUMBER_OBJECT_CONVERSION = YES_AGGRESSIVE;
				CLANG_CXX_LANGUAGE_STANDARD = "gnu++20";
				CLANG_ENABLE_MODULES = YES;
				CLANG_ENABLE_OBJC_ARC = YES;
				CLANG_ENABLE_OBJC_WEAK = YES;
				CLANG_WARN_BLOCK_CAPTURE_AUTORELEASING = YES;
				CLANG_WARN_BOOL_CONVERSION = YES;
				CLANG_WARN_COMMA = YES;
				CLANG_WARN_CONSTANT_CONVERSION = YES;
				CLANG_WARN_DEPRECATED_OBJC_IMPLEMENTATIONS = YES;
				CLANG_WARN_DIRECT_OBJC_ISA_USAGE = YES_ERROR;
				CLANG_WARN_DOCUMENTATION_COMMENTS = YES;
				CLANG_WARN_EMPTY_BODY = YES;
				CLANG_WARN_ENUM_CONVERSION = YES;
				CLANG_WARN_INFINITE_RECURSION = YES;
				CLANG_WARN_INT_CONVERSION = YES;
				CLANG_WARN_NON_LITERAL_NULL_CONVERSION = YES;
				CLANG_WARN_OBJC_IMPLICIT_RETAIN_SELF = YES;
				CLANG_WARN_OBJC_LITERAL_CONVERSION = YES;
				CLANG_WARN_OBJC_ROOT_CLASS = YES_ERROR;
				CLANG_WARN_QUOTED_INCLUDE_IN_FRAMEWORK_HEADER = YES;
				CLANG_WARN_RANGE_LOOP_ANALYSIS = YES;
				CLANG_WARN_STRICT_PROTOTYPES = YES;
				CLANG_WARN_SUSPICIOUS_MOVE = YES;
				CLANG_WARN_UNGUARDED_AVAILABILITY = YES_AGGRESSIVE;
				CLANG_WARN_UNREACHABLE_CODE = YES;
				CLANG_WARN__DUPLICATE_METHOD_MATCH = YES;
				COPY_PHASE_STRIP = NO;
				DEBUG_INFORMATION_FORMAT = "dwarf-with-dsym";
				ENABLE_NS_ASSERTIONS = NO;
				ENABLE_STRICT_OBJC_MSGSEND = YES;
				GCC_C_LANGUAGE_STANDARD = gnu11;
				GCC_NO_COMMON_BLOCKS = YES;
				GCC_WARN_64_TO_32_BIT_CONVERSION = YES;
				GCC_WARN_ABOUT_RETURN_TYPE = YES_ERROR;
				GCC_WARN_UNDECLARED_SELECTOR = YES;
				GCC_WARN_UNINITIALIZED_AUTOS = YES_AGGRESSIVE;
				GCC_WARN_UNUSED_FUNCTION = YES;
				GCC_WARN_UNUSED_VARIABLE = YES;
				IPHONEOS_DEPLOYMENT_TARGET = 13.4;
				MTL_ENABLE_DEBUG_INFO = NO;
				MTL_FAST_MATH = YES;
				SDKROOT = iphoneos;
				SWIFT_COMPILATION_MODE = wholemodule;
				SWIFT_OPTIMIZATION_LEVEL = "-O";
				VALIDATE_PRODUCT = YES;
			};
			name = Release;
		};
		BA1AD37B29CDF1E700DCFB4B /* Debug */ = {
			isa = XCBuildConfiguration;
			buildSettings = {
				ASSETCATALOG_COMPILER_APPICON_NAME = AppIcon;
				ASSETCATALOG_COMPILER_GLOBAL_ACCENT_COLOR_NAME = AccentColor;
				CODE_SIGN_STYLE = Automatic;
				CURRENT_PROJECT_VERSION = 1;
				DEVELOPMENT_TEAM = 253UYY58R5;
				GENERATE_INFOPLIST_FILE = YES;
				INFOPLIST_FILE = Tracker/Resources/Info.plist;
				INFOPLIST_KEY_LSApplicationCategoryType = "public.app-category.lifestyle";
				INFOPLIST_KEY_UIApplicationSupportsIndirectInputEvents = YES;
				INFOPLIST_KEY_UILaunchStoryboardName = LaunchScreen.storyboard;
				INFOPLIST_KEY_UISupportedInterfaceOrientations = UIInterfaceOrientationPortrait;
				IPHONEOS_DEPLOYMENT_TARGET = 13.4;
				LD_RUNPATH_SEARCH_PATHS = (
					"$(inherited)",
					"@executable_path/Frameworks",
				);
				MARKETING_VERSION = 1.0;
				PRODUCT_BUNDLE_IDENTIFIER = ru.github.roma685235423.Tracker;
				PRODUCT_NAME = "$(TARGET_NAME)";
				SUPPORTED_PLATFORMS = "iphoneos iphonesimulator";
				SUPPORTS_MACCATALYST = NO;
				SUPPORTS_MAC_DESIGNED_FOR_IPHONE_IPAD = NO;
				SWIFT_EMIT_LOC_STRINGS = YES;
				SWIFT_VERSION = 5.0;
				TARGETED_DEVICE_FAMILY = 1;
			};
			name = Debug;
		};
		BA1AD37C29CDF1E700DCFB4B /* Release */ = {
			isa = XCBuildConfiguration;
			buildSettings = {
				ASSETCATALOG_COMPILER_APPICON_NAME = AppIcon;
				ASSETCATALOG_COMPILER_GLOBAL_ACCENT_COLOR_NAME = AccentColor;
				CODE_SIGN_STYLE = Automatic;
				CURRENT_PROJECT_VERSION = 1;
				DEVELOPMENT_TEAM = 253UYY58R5;
				GENERATE_INFOPLIST_FILE = YES;
				INFOPLIST_FILE = Tracker/Resources/Info.plist;
				INFOPLIST_KEY_LSApplicationCategoryType = "public.app-category.lifestyle";
				INFOPLIST_KEY_UIApplicationSupportsIndirectInputEvents = YES;
				INFOPLIST_KEY_UILaunchStoryboardName = LaunchScreen.storyboard;
				INFOPLIST_KEY_UISupportedInterfaceOrientations = UIInterfaceOrientationPortrait;
				IPHONEOS_DEPLOYMENT_TARGET = 13.4;
				LD_RUNPATH_SEARCH_PATHS = (
					"$(inherited)",
					"@executable_path/Frameworks",
				);
				MARKETING_VERSION = 1.0;
				PRODUCT_BUNDLE_IDENTIFIER = ru.github.roma685235423.Tracker;
				PRODUCT_NAME = "$(TARGET_NAME)";
				SUPPORTED_PLATFORMS = "iphoneos iphonesimulator";
				SUPPORTS_MACCATALYST = NO;
				SUPPORTS_MAC_DESIGNED_FOR_IPHONE_IPAD = NO;
				SWIFT_EMIT_LOC_STRINGS = YES;
				SWIFT_VERSION = 5.0;
				TARGETED_DEVICE_FAMILY = 1;
			};
			name = Release;
		};
		BA1AD37E29CDF1E700DCFB4B /* Debug */ = {
			isa = XCBuildConfiguration;
			buildSettings = {
				ALWAYS_EMBED_SWIFT_STANDARD_LIBRARIES = YES;
				BUNDLE_LOADER = "$(TEST_HOST)";
				CODE_SIGN_STYLE = Automatic;
				CURRENT_PROJECT_VERSION = 1;
				DEVELOPMENT_TEAM = 253UYY58R5;
				GENERATE_INFOPLIST_FILE = YES;
				IPHONEOS_DEPLOYMENT_TARGET = 16.2;
				MARKETING_VERSION = 1.0;
				PRODUCT_BUNDLE_IDENTIFIER = ru.github.roma685235423.TrackerTests;
				PRODUCT_NAME = "$(TARGET_NAME)";
				SWIFT_EMIT_LOC_STRINGS = NO;
				SWIFT_VERSION = 5.0;
				TARGETED_DEVICE_FAMILY = "1,2";
				TEST_HOST = "$(BUILT_PRODUCTS_DIR)/Tracker.app/$(BUNDLE_EXECUTABLE_FOLDER_PATH)/Tracker";
			};
			name = Debug;
		};
		BA1AD37F29CDF1E700DCFB4B /* Release */ = {
			isa = XCBuildConfiguration;
			buildSettings = {
				ALWAYS_EMBED_SWIFT_STANDARD_LIBRARIES = YES;
				BUNDLE_LOADER = "$(TEST_HOST)";
				CODE_SIGN_STYLE = Automatic;
				CURRENT_PROJECT_VERSION = 1;
				DEVELOPMENT_TEAM = 253UYY58R5;
				GENERATE_INFOPLIST_FILE = YES;
				IPHONEOS_DEPLOYMENT_TARGET = 16.2;
				MARKETING_VERSION = 1.0;
				PRODUCT_BUNDLE_IDENTIFIER = ru.github.roma685235423.TrackerTests;
				PRODUCT_NAME = "$(TARGET_NAME)";
				SWIFT_EMIT_LOC_STRINGS = NO;
				SWIFT_VERSION = 5.0;
				TARGETED_DEVICE_FAMILY = "1,2";
				TEST_HOST = "$(BUILT_PRODUCTS_DIR)/Tracker.app/$(BUNDLE_EXECUTABLE_FOLDER_PATH)/Tracker";
			};
			name = Release;
		};
		BA1AD38129CDF1E700DCFB4B /* Debug */ = {
			isa = XCBuildConfiguration;
			buildSettings = {
				ALWAYS_EMBED_SWIFT_STANDARD_LIBRARIES = YES;
				CODE_SIGN_STYLE = Automatic;
				CURRENT_PROJECT_VERSION = 1;
				DEVELOPMENT_TEAM = 253UYY58R5;
				GENERATE_INFOPLIST_FILE = YES;
				MARKETING_VERSION = 1.0;
				PRODUCT_BUNDLE_IDENTIFIER = ru.github.roma685235423.TrackerUITests;
				PRODUCT_NAME = "$(TARGET_NAME)";
				SWIFT_EMIT_LOC_STRINGS = NO;
				SWIFT_VERSION = 5.0;
				TARGETED_DEVICE_FAMILY = "1,2";
				TEST_TARGET_NAME = Tracker;
			};
			name = Debug;
		};
		BA1AD38229CDF1E700DCFB4B /* Release */ = {
			isa = XCBuildConfiguration;
			buildSettings = {
				ALWAYS_EMBED_SWIFT_STANDARD_LIBRARIES = YES;
				CODE_SIGN_STYLE = Automatic;
				CURRENT_PROJECT_VERSION = 1;
				DEVELOPMENT_TEAM = 253UYY58R5;
				GENERATE_INFOPLIST_FILE = YES;
				MARKETING_VERSION = 1.0;
				PRODUCT_BUNDLE_IDENTIFIER = ru.github.roma685235423.TrackerUITests;
				PRODUCT_NAME = "$(TARGET_NAME)";
				SWIFT_EMIT_LOC_STRINGS = NO;
				SWIFT_VERSION = 5.0;
				TARGETED_DEVICE_FAMILY = "1,2";
				TEST_TARGET_NAME = Tracker;
			};
			name = Release;
		};
/* End XCBuildConfiguration section */

/* Begin XCConfigurationList section */
		BA1AD34829CDF1E200DCFB4B /* Build configuration list for PBXProject "Tracker" */ = {
			isa = XCConfigurationList;
			buildConfigurations = (
				BA1AD37829CDF1E700DCFB4B /* Debug */,
				BA1AD37929CDF1E700DCFB4B /* Release */,
			);
			defaultConfigurationIsVisible = 0;
			defaultConfigurationName = Release;
		};
		BA1AD37A29CDF1E700DCFB4B /* Build configuration list for PBXNativeTarget "Tracker" */ = {
			isa = XCConfigurationList;
			buildConfigurations = (
				BA1AD37B29CDF1E700DCFB4B /* Debug */,
				BA1AD37C29CDF1E700DCFB4B /* Release */,
			);
			defaultConfigurationIsVisible = 0;
			defaultConfigurationName = Release;
		};
		BA1AD37D29CDF1E700DCFB4B /* Build configuration list for PBXNativeTarget "TrackerTests" */ = {
			isa = XCConfigurationList;
			buildConfigurations = (
				BA1AD37E29CDF1E700DCFB4B /* Debug */,
				BA1AD37F29CDF1E700DCFB4B /* Release */,
			);
			defaultConfigurationIsVisible = 0;
			defaultConfigurationName = Release;
		};
		BA1AD38029CDF1E700DCFB4B /* Build configuration list for PBXNativeTarget "TrackerUITests" */ = {
			isa = XCConfigurationList;
			buildConfigurations = (
				BA1AD38129CDF1E700DCFB4B /* Debug */,
				BA1AD38229CDF1E700DCFB4B /* Release */,
			);
			defaultConfigurationIsVisible = 0;
			defaultConfigurationName = Release;
		};
/* End XCConfigurationList section */

/* Begin XCVersionGroup section */
		BA1AD35929CDF1E200DCFB4B /* Model.xcdatamodeld */ = {
			isa = XCVersionGroup;
			children = (
				BA1AD35A29CDF1E200DCFB4B /* Tracker.xcdatamodel */,
			);
			currentVersion = BA1AD35A29CDF1E200DCFB4B /* Tracker.xcdatamodel */;
			path = Model.xcdatamodeld;
			sourceTree = "<group>";
			versionGroupType = wrapper.xcdatamodel;
		};
/* End XCVersionGroup section */
	};
	rootObject = BA1AD34529CDF1E200DCFB4B /* Project object */;
}
